
Microsoft Visual Studio Solution File, Format Version 12.00
# Visual Studio Version 16
VisualStudioVersion = 16.0.31729.503
MinimumVisualStudioVersion = 10.0.40219.1
Project("{FAE04EC0-301F-11D3-BF4B-00C04F79EFBC}") = "ReadPDF", "ReadPDF\ReadPDF.csproj", "{53AF9E6A-4FF8-4FC7-97CC-764D529C9BE6}"
EndProject
Global
	GlobalSection(SolutionConfigurationPlatforms) = preSolution
		Debug|Any CPU = Debug|Any CPU
		Release|Any CPU = Release|Any CPU
	EndGlobalSection
	GlobalSection(ProjectConfigurationPlatforms) = postSolution
		{53AF9E6A-4FF8-4FC7-97CC-764D529C9BE6}.Debug|Any CPU.ActiveCfg = Debug|Any CPU
		{53AF9E6A-4FF8-4FC7-97CC-764D529C9BE6}.Debug|Any CPU.Build.0 = Debug|Any CPU
		{53AF9E6A-4FF8-4FC7-97CC-764D529C9BE6}.Release|Any CPU.ActiveCfg = Release|Any CPU
		{53AF9E6A-4FF8-4FC7-97CC-764D529C9BE6}.Release|Any CPU.Build.0 = Release|Any CPU
	EndGlobalSection
	GlobalSection(SolutionProperties) = preSolution
		HideSolutionNode = FALSE
	EndGlobalSection
	GlobalSection(ExtensibilityGlobals) = postSolution
		SolutionGuid = {AB9465EA-0942-4820-8133-8573CD8B99F8}
	EndGlobalSection
EndGlobal
